# This file is automatically @generated by Cargo.
# It is not intended for manual editing.
version = 4

[[package]]
name = "actr-api"
version = "0.1.0"
dependencies = [
 "actr-core",
 "actr-rules",
]

[[package]]
name = "actr-core"
version = "0.1.0"

[[package]]
name = "actr-ops"
version = "0.1.0"

[[package]]
name = "actr-rules"
version = "0.1.0"
dependencies = [
 "actr-core",
 "actr-session",
]

[[package]]
name = "actr-session"
version = "0.1.0"
dependencies = [
 "actr-core",
]

[[package]]
name = "actr-store"
version = "0.1.0"
dependencies = [
 "actr-core",
 "actr-rules",
 "actr-session",
]
