lockfileVersion: '9.0'

settings:
  autoInstallPeers: true
  excludeLinksFromLockfile: false

importers:

  .:
    dependencies:
      '@ai-sdk/openai-compatible':
        specifier: 2.0.51
        version: 2.0.51(zod@4.4.3)
      ai:
        specifier: 6.0.208
        version: 6.0.208(zod@4.4.3)
      zod:
        specifier: 4.4.3
        version: 4.4.3
    devDependencies:
      lefthook:
        specifier: 2.1.9
        version: 2.1.9

packages:

  '@ai-sdk/gateway@3.0.133':
    resolution: {integrity: sha512-Ebs+7iS9zUgJu5B0RlxM2JmDWzq79Cpd6YdiqcCzB5qFdpfQJPUDiXutqlQP89F2XGjOdDeidulBTXUdXWzOxw==}
    engines: {node: '>=18'}
    peerDependencies:
      zod: ^3.25.76 || ^4.1.8

  '@ai-sdk/openai-compatible@2.0.51':
    resolution: {integrity: sha512-A6qfyaVs4lxmRxRux6U3ViOa8mMbsSd0OaHghpei2MpiBT6791J4zFH5MN7kaW1tLfQ246rSC2DVTMOavsycjQ==}
    engines: {node: '>=18'}
    peerDependencies:
      zod: ^3.25.76 || ^4.1.8

  '@ai-sdk/provider-utils@4.0.30':
    resolution: {integrity: sha512-VO7I+vPffqI5sMnPoUq5DCSqKIgQIk/naJWRdQVpz2ma2zoprC/lqiJiUEl2s6DfvTD76TbhD3q39ROjlA6rGw==}
    engines: {node: '>=18'}
    peerDependencies:
      zod: ^3.25.76 || ^4.1.8

  '@ai-sdk/provider@3.0.10':
    resolution: {integrity: sha512-Q3BZ27qfpYqnCYGvE3vt+Qi6LGOF9R5Nmzn+9JoM1lCRsD9mYaIhfJLkSunN48nfGXJ6n+XNV0J/XVpqGQl7Dw==}
    engines: {node: '>=18'}

  '@opentelemetry/api@1.9.1':
    resolution: {integrity: sha512-gLyJlPHPZYdAk1JENA9LeHejZe1Ti77/pTeFm/nMXmQH/HFZlcS/O2XJB+L8fkbrNSqhdtlvjBVjxwUYanNH5Q==}
    engines: {node: '>=8.0.0'}

  '@standard-schema/spec@1.1.0':
    resolution: {integrity: sha512-l2aFy5jALhniG5HgqrD6jXLi/rUWrKvqN/qJx6yoJsgKhblVd+iqqU4RCXavm/jPityDo5TCvKMnpjKnOriy0w==}

  '@vercel/oidc@3.2.0':
    resolution: {integrity: sha512-UycprH3T6n3jH0k44NHMa7pnFHGu/N05MjojYr+Mc6I7obkoLIJujSWwin1pCvdy/eOxrI/l3uDLQsmcrOb4ug==}
    engines: {node: '>= 20'}

  ai@6.0.208:
    resolution: {integrity: sha512-STz+AaZqJ4ZjH7UkpXkbHx+bjgIDOsE8fIUoZjkZ2whoZcfVmG9K/TqEKouJZ03SuZuD7lagntlU3zBhAEkRpQ==}
    engines: {node: '>=18'}
    peerDependencies:
      zod: ^3.25.76 || ^4.1.8

  eventsource-parser@3.1.0:
    resolution: {integrity: sha512-kJezFj9YFAMLeORyi7aCLxLbD5/qWMQnoMVlVPyHIll7lgRJCc3JVln9Vgl9nwQi0YkMnhdGTMNn7CkRRAptMg==}
    engines: {node: '>=18.0.0'}

  json-schema@0.4.0:
    resolution: {integrity: sha512-es94M3nTIfsEPisRafak+HDLfHXnKBhV3vU5eqPcS3flIWqcxJWgXHXiey3YrpaNsanY5ei1VoYEbOzijuq9BA==}

  lefthook-darwin-arm64@2.1.9:
    resolution: {integrity: sha512-119HryNcvr4nqn0wUIrNPgpMEPn9yMQzEcW/lezRsnb56PCJriJB92+MCySPVcWDxJnZef7o0T3jdnPNiSH7Qg==}
    cpu: [arm64]
    os: [darwin]

  lefthook-darwin-x64@2.1.9:
    resolution: {integrity: sha512-dwo5Tke2XcQCM56DGHgFKBfRbJIL6xs2wZ0zG1TUVZgl4t4mQUt6LiZ4V/ZQfYHTZF9qywvXoIlR5N35qOaiVQ==}
    cpu: [x64]
    os: [darwin]

  lefthook-freebsd-arm64@2.1.9:
    resolution: {integrity: sha512-+09PVap6nl6xsaHch5JLtq7WvIR++U1Q2MzA2ai0M4uB/VP3AqrvKqHw6+9hjyKnIH+HHL83uqi77EAY+LaxLA==}
    cpu: [arm64]
    os: [freebsd]

  lefthook-freebsd-x64@2.1.9:
    resolution: {integrity: sha512-8XresjKIYpkE9ARgCtBEZgJZxAU3T4MIqzj4zNy15XRT59I1Us+QdqXTNm+pkZ41Yd2X/nxs2Pkvbq3NWWlIGw==}
    cpu: [x64]
    os: [freebsd]

  lefthook-linux-arm64@2.1.9:
    resolution: {integrity: sha512-1oNIQfwrPe6rgU2KcDM3aF6+hpZDCKx1TmawQKpXUY5gVsbZ7MqX0Sk/1lnnWxqPm+kQQ5f6J2dpFWd+4xH8jg==}
    cpu: [arm64]
    os: [linux]

  lefthook-linux-x64@2.1.9:
    resolution: {integrity: sha512-fT+7Q+BJyGp+CslFQkNXmdFRgyVXsPHPi9NAsDX0a6QOyNnoORByAsvx6zeAKuF5rL3BBgNfho1/v2RuGxGy9w==}
    cpu: [x64]
    os: [linux]

  lefthook-openbsd-arm64@2.1.9:
    resolution: {integrity: sha512-4bVuafBk3dddVNo0+3hMbjcJs4mqYAstxpPMmX2ufkudSTYFNIhWoqwuGVQV/SS/xdcOKJAldW4qayAzed2ysw==}
    cpu: [arm64]
    os: [openbsd]

  lefthook-openbsd-x64@2.1.9:
    resolution: {integrity: sha512-PmPoMmLP/wQQWcQ9u2YH86bTZ3UCfBsxuEmVTEyPU2U8R1qSTp5r/Gs3G8cN5Mxo91XB9oBERtF1n+xD3W6aVA==}
    cpu: [x64]
    os: [openbsd]

  lefthook-windows-arm64@2.1.9:
    resolution: {integrity: sha512-KphfkBKmwBnmolyrdhIl3lrBaOyTcCgXBT2AB/9OHnEXhOLvv5uTCUkrD4YRAxXPtFKq6UvnapIeoL3GZq0bdA==}
    cpu: [arm64]
    os: [win32]

  lefthook-windows-x64@2.1.9:
    resolution: {integrity: sha512-2qlUtkJHZ3MyUxgV5XTEmcrIoNZA07iwaquoswAcqv/1MeBFXlD+O+koFRfrzWng2O5WYEbpJnd8tvaYnV8fTA==}
    cpu: [x64]
    os: [win32]

  lefthook@2.1.9:
    resolution: {integrity: sha512-bwDaIOViTktE8kJLf9jP0p+H2/RDTlFFlc43Am2YgUsX22hI6Sq4RbzsrecwzY5y+MHTipOH7WsmWSEniePHWQ==}
    hasBin: true

  zod@4.4.3:
    resolution: {integrity: sha512-ytENFjIJFl2UwYglde2jchW2Hwm4GJFLDiSXWdTrJQBIN9Fcyp7n4DhxJEiWNAJMV1/BqWfW/kkg71UDcHJyTQ==}

snapshots:

  '@ai-sdk/gateway@3.0.133(zod@4.4.3)':
    dependencies:
      '@ai-sdk/provider': 3.0.10
      '@ai-sdk/provider-utils': 4.0.30(zod@4.4.3)
      '@vercel/oidc': 3.2.0
      zod: 4.4.3

  '@ai-sdk/openai-compatible@2.0.51(zod@4.4.3)':
    dependencies:
      '@ai-sdk/provider': 3.0.10
      '@ai-sdk/provider-utils': 4.0.30(zod@4.4.3)
      zod: 4.4.3

  '@ai-sdk/provider-utils@4.0.30(zod@4.4.3)':
    dependencies:
      '@ai-sdk/provider': 3.0.10
      '@standard-schema/spec': 1.1.0
      eventsource-parser: 3.1.0
      zod: 4.4.3

  '@ai-sdk/provider@3.0.10':
    dependencies:
      json-schema: 0.4.0

  '@opentelemetry/api@1.9.1': {}

  '@standard-schema/spec@1.1.0': {}

  '@vercel/oidc@3.2.0': {}

  ai@6.0.208(zod@4.4.3):
    dependencies:
      '@ai-sdk/gateway': 3.0.133(zod@4.4.3)
      '@ai-sdk/provider': 3.0.10
      '@ai-sdk/provider-utils': 4.0.30(zod@4.4.3)
      '@opentelemetry/api': 1.9.1
      zod: 4.4.3

  eventsource-parser@3.1.0: {}

  json-schema@0.4.0: {}

  lefthook-darwin-arm64@2.1.9:
    optional: true

  lefthook-darwin-x64@2.1.9:
    optional: true

  lefthook-freebsd-arm64@2.1.9:
    optional: true

  lefthook-freebsd-x64@2.1.9:
    optional: true

  lefthook-linux-arm64@2.1.9:
    optional: true

  lefthook-linux-x64@2.1.9:
    optional: true

  lefthook-openbsd-arm64@2.1.9:
    optional: true

  lefthook-openbsd-x64@2.1.9:
    optional: true

  lefthook-windows-arm64@2.1.9:
    optional: true

  lefthook-windows-x64@2.1.9:
    optional: true

  lefthook@2.1.9:
    optionalDependencies:
      lefthook-darwin-arm64: 2.1.9
      lefthook-darwin-x64: 2.1.9
      lefthook-freebsd-arm64: 2.1.9
      lefthook-freebsd-x64: 2.1.9
      lefthook-linux-arm64: 2.1.9
      lefthook-linux-x64: 2.1.9
      lefthook-openbsd-arm64: 2.1.9
      lefthook-openbsd-x64: 2.1.9
      lefthook-windows-arm64: 2.1.9
      lefthook-windows-x64: 2.1.9

  zod@4.4.3: {}
